
Microsoft Visual Studio Solution File, Format Version 12.00
# Visual Studio Version 17
VisualStudioVersion = 17.0.31808.319
MinimumVisualStudioVersion = 10.0.40219.1
Project("{FAE04EC0-301F-11D3-BF4B-00C04F79EFBC}") = "LR_5", "LR_5\LR_5.csproj", "{9FA60194-988C-4865-A423-5BA6EC843B71}"
EndProject
Global
	GlobalSection(SolutionConfigurationPlatforms) = preSolution
		Debug|Any CPU = Debug|Any CPU
		Release|Any CPU = Release|Any CPU
	EndGlobalSection
	GlobalSection(ProjectConfigurationPlatforms) = postSolution
		{9FA60194-988C-4865-A423-5BA6EC843B71}.Debug|Any CPU.ActiveCfg = Debug|Any CPU
		{9FA60194-988C-4865-A423-5BA6EC843B71}.Debug|Any CPU.Build.0 = Debug|Any CPU
		{9FA60194-988C-4865-A423-5BA6EC843B71}.Release|Any CPU.ActiveCfg = Release|Any CPU
		{9FA60194-988C-4865-A423-5BA6EC843B71}.Release|Any CPU.Build.0 = Release|Any CPU
	EndGlobalSection
	GlobalSection(SolutionProperties) = preSolution
		HideSolutionNode = FALSE
	EndGlobalSection
	GlobalSection(ExtensibilityGlobals) = postSolution
		SolutionGuid = {79755C11-8332-4D89-8A34-515E5DA8C8ED}
	EndGlobalSection
EndGlobal
